
Microsoft Visual Studio Solution File, Format Version 11.00
# Visual Studio 2010
Project("{FAE04EC0-301F-11D3-BF4B-00C04F79EFBC}") = "Assembly-CSharp", "Assembly-CSharp.csproj", "{BB0BD87E-AB54-9CAB-0CB5-2A25FD56DBDA}"
EndProject
Global
	GlobalSection(SolutionConfigurationPlatforms) = preSolution
		Debug|Any CPU = Debug|Any CPU
		Release|Any CPU = Release|Any CPU
	EndGlobalSection
	GlobalSection(ProjectConfigurationPlatforms) = postSolution
		{BB0BD87E-AB54-9CAB-0CB5-2A25FD56DBDA}.Debug|Any CPU.ActiveCfg = Debug|Any CPU
		{BB0BD87E-AB54-9CAB-0CB5-2A25FD56DBDA}.Debug|Any CPU.Build.0 = Debug|Any CPU
		{BB0BD87E-AB54-9CAB-0CB5-2A25FD56DBDA}.Release|Any CPU.ActiveCfg = Release|Any CPU
		{BB0BD87E-AB54-9CAB-0CB5-2A25FD56DBDA}.Release|Any CPU.Build.0 = Release|Any CPU
	EndGlobalSection
	GlobalSection(SolutionProperties) = preSolution
		HideSolutionNode = FALSE
	EndGlobalSection
	GlobalSection(MonoDevelopProperties) = preSolution
		StartupItem = Assembly-CSharp.csproj
	EndGlobalSection
EndGlobal
